
Microsoft Visual Studio Solution File, Format Version 12.00
# Visual Studio Version 16
VisualStudioVersion = 16.0.32002.261
MinimumVisualStudioVersion = 10.0.40219.1
Project("{FAE04EC0-301F-11D3-BF4B-00C04F79EFBC}") = "Homework", "Homework\Homework.csproj", "{2DAECC4A-16F3-44FD-AD3C-BF5D9A3272E2}"
EndProject
Global
	GlobalSection(SolutionConfigurationPlatforms) = preSolution
		Debug|Any CPU = Debug|Any CPU
		Release|Any CPU = Release|Any CPU
	EndGlobalSection
	GlobalSection(ProjectConfigurationPlatforms) = postSolution
		{2DAECC4A-16F3-44FD-AD3C-BF5D9A3272E2}.Debug|Any CPU.ActiveCfg = Debug|Any CPU
		{2DAECC4A-16F3-44FD-AD3C-BF5D9A3272E2}.Debug|Any CPU.Build.0 = Debug|Any CPU
		{2DAECC4A-16F3-44FD-AD3C-BF5D9A3272E2}.Release|Any CPU.ActiveCfg = Release|Any CPU
		{2DAECC4A-16F3-44FD-AD3C-BF5D9A3272E2}.Release|Any CPU.Build.0 = Release|Any CPU
	EndGlobalSection
	GlobalSection(SolutionProperties) = preSolution
		HideSolutionNode = FALSE
	EndGlobalSection
	GlobalSection(ExtensibilityGlobals) = postSolution
		SolutionGuid = {806D556D-38A5-4440-A922-A7FB61B044C0}
	EndGlobalSection
EndGlobal
